// !$*UTF8*$!
{
	archiveVersion = 1;
	classes = {
	};
	objectVersion = 56;
	objects = {

/* Begin PBXBuildFile section */
		4EF617752B77EF4C001623A3 /* ViewTwo.swift in Sources */ = {isa = PBXBuildFile; fileRef = 4EF617742B77EF4C001623A3 /* ViewTwo.swift */; };
		75A5FFD02B77CAC3000C413D /* Orange_HealthApp.swift in Sources */ = {isa = PBXBuildFile; fileRef = 75A5FFCF2B77CAC3000C413D /* Orange_HealthApp.swift */; };
		75A5FFD22B77CAC3000C413D /* ContentView.swift in Sources */ = {isa = PBXBuildFile; fileRef = 75A5FFD12B77CAC3000C413D /* ContentView.swift */; };
		75A5FFD42B77CAC5000C413D /* Assets.xcassets in Resources */ = {isa = PBXBuildFile; fileRef = 75A5FFD32B77CAC5000C413D /* Assets.xcassets */; };
		75A5FFD72B77CAC5000C413D /* Preview Assets.xcassets in Resources */ = {isa = PBXBuildFile; fileRef = 75A5FFD62B77CAC5000C413D /* Preview Assets.xcassets */; };
		75A5FFE12B77CAC5000C413D /* Orange_HealthTests.swift in Sources */ = {isa = PBXBuildFile; fileRef = 75A5FFE02B77CAC5000C413D /* Orange_HealthTests.swift */; };
		75A5FFEB2B77CAC5000C413D /* Orange_HealthUITests.swift in Sources */ = {isa = PBXBuildFile; fileRef = 75A5FFEA2B77CAC5000C413D /* Orange_HealthUITests.swift */; };
		75A5FFED2B77CAC5000C413D /* Orange_HealthUITestsLaunchTests.swift in Sources */ = {isa = PBXBuildFile; fileRef = 75A5FFEC2B77CAC5000C413D /* Orange_HealthUITestsLaunchTests.swift */; };
/* End PBXBuildFile section */

/* Begin PBXContainerItemProxy section */
		75A5FFDD2B77CAC5000C413D /* PBXContainerItemProxy */ = {
			isa = PBXContainerItemProxy;
			containerPortal = 75A5FFC42B77CAC3000C413D /* Project object */;
			proxyType = 1;
			remoteGlobalIDString = 75A5FFCB2B77CAC3000C413D;
			remoteInfo = "Orange Health";
		};
		75A5FFE72B77CAC5000C413D /* PBXContainerItemProxy */ = {
			isa = PBXContainerItemProxy;
			containerPortal = 75A5FFC42B77CAC3000C413D /* Project object */;
			proxyType = 1;
			remoteGlobalIDString = 75A5FFCB2B77CAC3000C413D;
			remoteInfo = "Orange Health";
		};
/* End PBXContainerItemProxy section */

/* Begin PBXFileReference section */
		4EF617742B77EF4C001623A3 /* ViewTwo.swift */ = {isa = PBXFileReference; lastKnownFileType = sourcecode.swift; path = ViewTwo.swift; sourceTree = "<group>"; };
		75A5FFCC2B77CAC3000C413D /* Orange Health.app */ = {isa = PBXFileReference; explicitFileType = wrapper.application; includeInIndex = 0; path = "Orange Health.app"; sourceTree = BUILT_PRODUCTS_DIR; };
		75A5FFCF2B77CAC3000C413D /* Orange_HealthApp.swift */ = {isa = PBXFileReference; lastKnownFileType = sourcecode.swift; path = Orange_HealthApp.swift; sourceTree = "<group>"; };
		75A5FFD12B77CAC3000C413D /* ContentView.swift */ = {isa = PBXFileReference; lastKnownFileType = sourcecode.swift; path = ContentView.swift; sourceTree = "<group>"; };
		75A5FFD32B77CAC5000C413D /* Assets.xcassets */ = {isa = PBXFileReference; lastKnownFileType = folder.assetcatalog; path = Assets.xcassets; sourceTree = "<group>"; };
		75A5FFD62B77CAC5000C413D /* Preview Assets.xcassets */ = {isa = PBXFileReference; lastKnownFileType = folder.assetcatalog; path = "Preview Assets.xcassets"; sourceTree = "<group>"; };
		75A5FFDC2B77CAC5000C413D /* Orange HealthTests.xctest */ = {isa = PBXFileReference; explicitFileType = wrapper.cfbundle; includeInIndex = 0; path = "Orange HealthTests.xctest"; sourceTree = BUILT_PRODUCTS_DIR; };
		75A5FFE02B77CAC5000C413D /* Orange_HealthTests.swift */ = {isa = PBXFileReference; lastKnownFileType = sourcecode.swift; path = Orange_HealthTests.swift; sourceTree = "<group>"; };
		75A5FFE62B77CAC5000C413D /* Orange HealthUITests.xctest */ = {isa = PBXFileReference; explicitFileType = wrapper.cfbundle; includeInIndex = 0; path = "Orange HealthUITests.xctest"; sourceTree = BUILT_PRODUCTS_DIR; };
		75A5FFEA2B77CAC5000C413D /* Orange_HealthUITests.swift */ = {isa = PBXFileReference; lastKnownFileType = sourcecode.swift; path = Orange_HealthUITests.swift; sourceTree = "<group>"; };
		75A5FFEC2B77CAC5000C413D /* Orange_HealthUITestsLaunchTests.swift */ = {isa = PBXFileReference; lastKnownFileType = sourcecode.swift; path = Orange_HealthUITestsLaunchTests.swift; sourceTree = "<group>"; };
/* End PBXFileReference section */

/* Begin PBXFrameworksBuildPhase section */
		75A5FFC92B77CAC3000C413D /* Frameworks */ = {
			isa = PBXFrameworksBuildPhase;
			buildActionMask = 2147483647;
			files = (
			);
			runOnlyForDeploymentPostprocessing = 0;
		};
		75A5FFD92B77CAC5000C413D /* Frameworks */ = {
			isa = PBXFrameworksBuildPhase;
			buildActionMask = 2147483647;
			files = (
			);
			runOnlyForDeploymentPostprocessing = 0;
		};
		75A5FFE32B77CAC5000C413D /* Frameworks */ = {
			isa = PBXFrameworksBuildPhase;
			buildActionMask = 2147483647;
			files = (
			);
			runOnlyForDeploymentPostprocessing = 0;
		};
/* End PBXFrameworksBuildPhase section */

/* Begin PBXGroup section */
		75A5FFC32B77CAC3000C413D = {
			isa = PBXGroup;
			children = (
				75A5FFCE2B77CAC3000C413D /* Orange Health */,
				75A5FFDF2B77CAC5000C413D /* Orange HealthTests */,
				75A5FFE92B77CAC5000C413D /* Orange HealthUITests */,
				75A5FFCD2B77CAC3000C413D /* Products */,
			);
			sourceTree = "<group>";
		};
		75A5FFCD2B77CAC3000C413D /* Products */ = {
			isa = PBXGroup;
			children = (
				75A5FFCC2B77CAC3000C413D /* Orange Health.app */,
				75A5FFDC2B77CAC5000C413D /* Orange HealthTests.xctest */,
				75A5FFE62B77CAC5000C413D /* Orange HealthUITests.xctest */,
			);
			name = Products;
			sourceTree = "<group>";
		};
		75A5FFCE2B77CAC3000C413D /* Orange Health */ = {
			isa = PBXGroup;
			children = (
				75A5FFCF2B77CAC3000C413D /* Orange_HealthApp.swift */,
				75A5FFD12B77CAC3000C413D /* ContentView.swift */,
				4EF617742B77EF4C001623A3 /* ViewTwo.swift */,
				75A5FFD32B77CAC5000C413D /* Assets.xcassets */,
				75A5FFD52B77CAC5000C413D /* Preview Content */,
			);
			path = "Orange Health";
			sourceTree = "<group>";
		};
		75A5FFD52B77CAC5000C413D /* Preview Content */ = {
			isa = PBXGroup;
			children = (
				75A5FFD62B77CAC5000C413D /* Preview Assets.xcassets */,
			);
			path = "Preview Content";
			sourceTree = "<group>";
		};
		75A5FFDF2B77CAC5000C413D /* Orange HealthTests */ = {
			isa = PBXGroup;
			children = (
				75A5FFE02B77CAC5000C413D /* Orange_HealthTests.swift */,
			);
			path = "Orange HealthTests";
			sourceTree = "<group>";
		};
		75A5FFE92B77CAC5000C413D /* Orange HealthUITests */ = {
			isa = PBXGroup;
			children = (
				75A5FFEA2B77CAC5000C413D /* Orange_HealthUITests.swift */,
				75A5FFEC2B77CAC5000C413D /* Orange_HealthUITestsLaunchTests.swift */,
			);
			path = "Orange HealthUITests";
			sourceTree = "<group>";
		};
/* End PBXGroup section */

/* Begin PBXNativeTarget section */
		75A5FFCB2B77CAC3000C413D /* Orange Health */ = {
			isa = PBXNativeTarget;
			buildConfigurationList = 75A5FFF02B77CAC5000C413D /* Build configuration list for PBXNativeTarget "Orange Health" */;
			buildPhases = (
				75A5FFC82B77CAC3000C413D /* Sources */,
				75A5FFC92B77CAC3000C413D /* Frameworks */,
				75A5FFCA2B77CAC3000C413D /* Resources */,
			);
			buildRules = (
			);
			dependencies = (
			);
			name = "Orange Health";
			productName = "Orange Health";
			productReference = 75A5FFCC2B77CAC3000C413D /* Orange Health.app */;
			productType = "com.apple.product-type.application";
		};
		75A5FFDB2B77CAC5000C413D /* Orange HealthTests */ = {
			isa = PBXNativeTarget;
			buildConfigurationList = 75A5FFF32B77CAC5000C413D /* Build configuration list for PBXNativeTarget "Orange HealthTests" */;
			buildPhases = (
				75A5FFD82B77CAC5000C413D /* Sources */,
				75A5FFD92B77CAC5000C413D /* Frameworks */,
				75A5FFDA2B77CAC5000C413D /* Resources */,
			);
			buildRules = (
			);
			dependencies = (
				75A5FFDE2B77CAC5000C413D /* PBXTargetDependency */,
			);
			name = "Orange HealthTests";
			productName = "Orange HealthTests";
			productReference = 75A5FFDC2B77CAC5000C413D /* Orange HealthTests.xctest */;
			productType = "com.apple.product-type.bundle.unit-test";
		};
		75A5FFE52B77CAC5000C413D /* Orange HealthUITests */ = {
			isa = PBXNativeTarget;
			buildConfigurationList = 75A5FFF62B77CAC5000C413D /* Build configuration list for PBXNativeTarget "Orange HealthUITests" */;
			buildPhases = (
				75A5FFE22B77CAC5000C413D /* Sources */,
				75A5FFE32B77CAC5000C413D /* Frameworks */,
				75A5FFE42B77CAC5000C413D /* Resources */,
			);
			buildRules = (
			);
			dependencies = (
				75A5FFE82B77CAC5000C413D /* PBXTargetDependency */,
			);
			name = "Orange HealthUITests";
			productName = "Orange HealthUITests";
			productReference = 75A5FFE62B77CAC5000C413D /* Orange HealthUITests.xctest */;
			productType = "com.apple.product-type.bundle.ui-testing";
		};
/* End PBXNativeTarget section */

/* Begin PBXProject section */
		75A5FFC42B77CAC3000C413D /* Project object */ = {
			isa = PBXProject;
			attributes = {
				BuildIndependentTargetsInParallel = 1;
				LastSwiftUpdateCheck = 1520;
				LastUpgradeCheck = 1520;
				TargetAttributes = {
					75A5FFCB2B77CAC3000C413D = {
						CreatedOnToolsVersion = 15.2;
					};
					75A5FFDB2B77CAC5000C413D = {
						CreatedOnToolsVersion = 15.2;
						TestTargetID = 75A5FFCB2B77CAC3000C413D;
					};
					75A5FFE52B77CAC5000C413D = {
						CreatedOnToolsVersion = 15.2;
						TestTargetID = 75A5FFCB2B77CAC3000C413D;
					};
				};
			};
			buildConfigurationList = 75A5FFC72B77CAC3000C413D /* Build configuration list for PBXProject "Orange Health" */;
			compatibilityVersion = "Xcode 14.0";
			developmentRegion = en;
			hasScannedForEncodings = 0;
			knownRegions = (
				en,
				Base,
			);
			mainGroup = 75A5FFC32B77CAC3000C413D;
			productRefGroup = 75A5FFCD2B77CAC3000C413D /* Products */;
			projectDirPath = "";
			projectRoot = "";
			targets = (
				75A5FFCB2B77CAC3000C413D /* Orange Health */,
				75A5FFDB2B77CAC5000C413D /* Orange HealthTests */,
				75A5FFE52B77CAC5000C413D /* Orange HealthUITests */,
			);
		};
/* End PBXProject section */

/* Begin PBXResourcesBuildPhase section */
		75A5FFCA2B77CAC3000C413D /* Resources */ = {
			isa = PBXResourcesBuildPhase;
			buildActionMask = 2147483647;
			files = (
				75A5FFD72B77CAC5000C413D /* Preview Assets.xcassets in Resources */,
				75A5FFD42B77CAC5000C413D /* Assets.xcassets in Resources */,
			);
			runOnlyForDeploymentPostprocessing = 0;
		};
		75A5FFDA2B77CAC5000C413D /* Resources */ = {
			isa = PBXResourcesBuildPhase;
			buildActionMask = 2147483647;
			files = (
			);
			runOnlyForDeploymentPostprocessing = 0;
		};
		75A5FFE42B77CAC5000C413D /* Resources */ = {
			isa = PBXResourcesBuildPhase;
			buildActionMask = 2147483647;
			files = (
			);
			runOnlyForDeploymentPostprocessing = 0;
		};
/* End PBXResourcesBuildPhase section */

/* Begin PBXSourcesBuildPhase section */
		75A5FFC82B77CAC3000C413D /* Sources */ = {
			isa = PBXSourcesBuildPhase;
			buildActionMask = 2147483647;
			files = (
				75A5FFD22B77CAC3000C413D /* ContentView.swift in Sources */,
				75A5FFD02B77CAC3000C413D /* Orange_HealthApp.swift in Sources */,
				4EF617752B77EF4C001623A3 /* ViewTwo.swift in Sources */,
			);
			runOnlyForDeploymentPostprocessing = 0;
		};
		75A5FFD82B77CAC5000C413D /* Sources */ = {
			isa = PBXSourcesBuildPhase;
			buildActionMask = 2147483647;
			files = (
				75A5FFE12B77CAC5000C413D /* Orange_HealthTests.swift in Sources */,
			);
			runOnlyForDeploymentPostprocessing = 0;
		};
		75A5FFE22B77CAC5000C413D /* Sources */ = {
			isa = PBXSourcesBuildPhase;
			buildActionMask = 2147483647;
			files = (
				75A5FFED2B77CAC5000C413D /* Orange_HealthUITestsLaunchTests.swift in Sources */,
				75A5FFEB2B77CAC5000C413D /* Orange_HealthUITests.swift in Sources */,
			);
			runOnlyForDeploymentPostprocessing = 0;
		};
/* End PBXSourcesBuildPhase section */

/* Begin PBXTargetDependency section */
		75A5FFDE2B77CAC5000C413D /* PBXTargetDependency */ = {
			isa = PBXTargetDependency;
			target = 75A5FFCB2B77CAC3000C413D /* Orange Health */;
			targetProxy = 75A5FFDD2B77CAC5000C413D /* PBXContainerItemProxy */;
		};
		75A5FFE82B77CAC5000C413D /* PBXTargetDependency */ = {
			isa = PBXTargetDependency;
			target = 75A5FFCB2B77CAC3000C413D /* Orange Health */;
			targetProxy = 75A5FFE72B77CAC5000C413D /* PBXContainerItemProxy */;
		};
/* End PBXTargetDependency section */

/* Begin XCBuildConfiguration section */
		75A5FFEE2B77CAC5000C413D /* Debug */ = {
			isa = XCBuildConfiguration;
			buildSettings = {
				ALWAYS_SEARCH_USER_PATHS = NO;
				ASSETCATALOG_COMPILER_GENERATE_SWIFT_ASSET_SYMBOL_EXTENSIONS = YES;
				CLANG_ANALYZER_NONNULL = YES;
				CLANG_ANALYZER_NUMBER_OBJECT_CONVERSION = YES_AGGRESSIVE;
				CLANG_CXX_LANGUAGE_STANDARD = "gnu++20";
				CLANG_ENABLE_MODULES = YES;
				CLANG_ENABLE_OBJC_ARC = YES;
				CLANG_ENABLE_OBJC_WEAK = YES;
				CLANG_WARN_BLOCK_CAPTURE_AUTORELEASING = YES;
				CLANG_WARN_BOOL_CONVERSION = YES;
				CLANG_WARN_COMMA = YES;
				CLANG_WARN_CONSTANT_CONVERSION = YES;
				CLANG_WARN_DEPRECATED_OBJC_IMPLEMENTATIONS = YES;
				CLANG_WARN_DIRECT_OBJC_ISA_USAGE = YES_ERROR;
				CLANG_WARN_DOCUMENTATION_COMMENTS = YES;
				CLANG_WARN_EMPTY_BODY = YES;
				CLANG_WARN_ENUM_CONVERSION = YES;
				CLANG_WARN_INFINITE_RECURSION = YES;
				CLANG_WARN_INT_CONVERSION = YES;
				CLANG_WARN_NON_LITERAL_NULL_CONVERSION = YES;
				CLANG_WARN_OBJC_IMPLICIT_RETAIN_SELF = YES;
				CLANG_WARN_OBJC_LITERAL_CONVERSION = YES;
				CLANG_WARN_OBJC_ROOT_CLASS = YES_ERROR;
				CLANG_WARN_QUOTED_INCLUDE_IN_FRAMEWORK_HEADER = YES;
				CLANG_WARN_RANGE_LOOP_ANALYSIS = YES;
				CLANG_WARN_STRICT_PROTOTYPES = YES;
				CLANG_WARN_SUSPICIOUS_MOVE = YES;
				CLANG_WARN_UNGUARDED_AVAILABILITY = YES_AGGRESSIVE;
				CLANG_WARN_UNREACHABLE_CODE = YES;
				CLANG_WARN__DUPLICATE_METHOD_MATCH = YES;
				COPY_PHASE_STRIP = NO;
				DEBUG_INFORMATION_FORMAT = dwarf;
				ENABLE_STRICT_OBJC_MSGSEND = YES;
				ENABLE_TESTABILITY = YES;
				ENABLE_USER_SCRIPT_SANDBOXING = YES;
				GCC_C_LANGUAGE_STANDARD = gnu17;
				GCC_DYNAMIC_NO_PIC = NO;
				GCC_NO_COMMON_BLOCKS = YES;
				GCC_OPTIMIZATION_LEVEL = 0;
				GCC_PREPROCESSOR_DEFINITIONS = (
					"DEBUG=1",
					"$(inherited)",
				);
				GCC_WARN_64_TO_32_BIT_CONVERSION = YES;
				GCC_WARN_ABOUT_RETURN_TYPE = YES_ERROR;
				GCC_WARN_UNDECLARED_SELECTOR = YES;
				GCC_WARN_UNINITIALIZED_AUTOS = YES_AGGRESSIVE;
				GCC_WARN_UNUSED_FUNCTION = YES;
				GCC_WARN_UNUSED_VARIABLE = YES;
				IPHONEOS_DEPLOYMENT_TARGET = 17.2;
				LOCALIZATION_PREFERS_STRING_CATALOGS = YES;
				MTL_ENABLE_DEBUG_INFO = INCLUDE_SOURCE;
				MTL_FAST_MATH = YES;
				ONLY_ACTIVE_ARCH = YES;
				SDKROOT = iphoneos;
				SWIFT_ACTIVE_COMPILATION_CONDITIONS = "DEBUG $(inherited)";
				SWIFT_OPTIMIZATION_LEVEL = "-Onone";
			};
			name = Debug;
		};
		75A5FFEF2B77CAC5000C413D /* Release */ = {
			isa = XCBuildConfiguration;
			buildSettings = {
				ALWAYS_SEARCH_USER_PATHS = NO;
				ASSETCATALOG_COMPILER_GENERATE_SWIFT_ASSET_SYMBOL_EXTENSIONS = YES;
				CLANG_ANALYZER_NONNULL = YES;
				CLANG_ANALYZER_NUMBER_OBJECT_CONVERSION = YES_AGGRESSIVE;
				CLANG_CXX_LANGUAGE_STANDARD = "gnu++20";
				CLANG_ENABLE_MODULES = YES;
				CLANG_ENABLE_OBJC_ARC = YES;
				CLANG_ENABLE_OBJC_WEAK = YES;
				CLANG_WARN_BLOCK_CAPTURE_AUTORELEASING = YES;
				CLANG_WARN_BOOL_CONVERSION = YES;
				CLANG_WARN_COMMA = YES;
				CLANG_WARN_CONSTANT_CONVERSION = YES;
				CLANG_WARN_DEPRECATED_OBJC_IMPLEMENTATIONS = YES;
				CLANG_WARN_DIRECT_OBJC_ISA_USAGE = YES_ERROR;
				CLANG_WARN_DOCUMENTATION_COMMENTS = YES;
				CLANG_WARN_EMPTY_BODY = YES;
				CLANG_WARN_ENUM_CONVERSION = YES;
				CLANG_WARN_INFINITE_RECURSION = YES;
				CLANG_WARN_INT_CONVERSION = YES;
				CLANG_WARN_NON_LITERAL_NULL_CONVERSION = YES;
				CLANG_WARN_OBJC_IMPLICIT_RETAIN_SELF = YES;
				CLANG_WARN_OBJC_LITERAL_CONVERSION = YES;
				CLANG_WARN_OBJC_ROOT_CLASS = YES_ERROR;
				CLANG_WARN_QUOTED_INCLUDE_IN_FRAMEWORK_HEADER = YES;
				CLANG_WARN_RANGE_LOOP_ANALYSIS = YES;
				CLANG_WARN_STRICT_PROTOTYPES = YES;
				CLANG_WARN_SUSPICIOUS_MOVE = YES;
				CLANG_WARN_UNGUARDED_AVAILABILITY = YES_AGGRESSIVE;
				CLANG_WARN_UNREACHABLE_CODE = YES;
				CLANG_WARN__DUPLICATE_METHOD_MATCH = YES;
				COPY_PHASE_STRIP = NO;
				DEBUG_INFORMATION_FORMAT = "dwarf-with-dsym";
				ENABLE_NS_ASSERTIONS = NO;
				ENABLE_STRICT_OBJC_MSGSEND = YES;
				ENABLE_USER_SCRIPT_SANDBOXING = YES;
				GCC_C_LANGUAGE_STANDARD = gnu17;
				GCC_NO_COMMON_BLOCKS = YES;
				GCC_WARN_64_TO_32_BIT_CONVERSION = YES;
				GCC_WARN_ABOUT_RETURN_TYPE = YES_ERROR;
				GCC_WARN_UNDECLARED_SELECTOR = YES;
				GCC_WARN_UNINITIALIZED_AUTOS = YES_AGGRESSIVE;
				GCC_WARN_UNUSED_FUNCTION = YES;
				GCC_WARN_UNUSED_VARIABLE = YES;
				IPHONEOS_DEPLOYMENT_TARGET = 17.2;
				LOCALIZATION_PREFERS_STRING_CATALOGS = YES;
				MTL_ENABLE_DEBUG_INFO = NO;
				MTL_FAST_MATH = YES;
				SDKROOT = iphoneos;
				SWIFT_COMPILATION_MODE = wholemodule;
				VALIDATE_PRODUCT = YES;
			};
			name = Release;
		};
		75A5FFF12B77CAC5000C413D /* Debug */ = {
			isa = XCBuildConfiguration;
			buildSettings = {
				ASSETCATALOG_COMPILER_APPICON_NAME = AppIcon;
				ASSETCATALOG_COMPILER_GLOBAL_ACCENT_COLOR_NAME = AccentColor;
				CODE_SIGN_STYLE = Automatic;
				CURRENT_PROJECT_VERSION = 1;
				DEVELOPMENT_ASSET_PATHS = "\"Orange Health/Preview Content\"";
				ENABLE_PREVIEWS = YES;
				GENERATE_INFOPLIST_FILE = YES;
				INFOPLIST_KEY_UIApplicationSceneManifest_Generation = YES;
				INFOPLIST_KEY_UIApplicationSupportsIndirectInputEvents = YES;
				INFOPLIST_KEY_UILaunchScreen_Generation = YES;
				INFOPLIST_KEY_UISupportedInterfaceOrientations_iPad = "UIInterfaceOrientationPortrait UIInterfaceOrientationPortraitUpsideDown UIInterfaceOrientationLandscapeLeft UIInterfaceOrientationLandscapeRight";
				INFOPLIST_KEY_UISupportedInterfaceOrientations_iPhone = "UIInterfaceOrientationPortrait UIInterfaceOrientationLandscapeLeft UIInterfaceOrientationLandscapeRight";
				LD_RUNPATH_SEARCH_PATHS = (
					"$(inherited)",
					"@executable_path/Frameworks",
				);
				MARKETING_VERSION = 1.0;
				PRODUCT_BUNDLE_IDENTIFIER = "com.orangepotato.Orange-Health";
				PRODUCT_NAME = "$(TARGET_NAME)";
				SWIFT_EMIT_LOC_STRINGS = YES;
				SWIFT_VERSION = 5.0;
				TARGETED_DEVICE_FAMILY = "1,2";
			};
			name = Debug;
		};
		75A5FFF22B77CAC5000C413D /* Release */ = {
			isa = XCBuildConfiguration;
			buildSettings = {
				ASSETCATALOG_COMPILER_APPICON_NAME = AppIcon;
				ASSETCATALOG_COMPILER_GLOBAL_ACCENT_COLOR_NAME = AccentColor;
				CODE_SIGN_STYLE = Automatic;
				CURRENT_PROJECT_VERSION = 1;
				DEVELOPMENT_ASSET_PATHS = "\"Orange Health/Preview Content\"";
				ENABLE_PREVIEWS = YES;
				GENERATE_INFOPLIST_FILE = YES;
				INFOPLIST_KEY_UIApplicationSceneManifest_Generation = YES;
				INFOPLIST_KEY_UIApplicationSupportsIndirectInputEvents = YES;
				INFOPLIST_KEY_UILaunchScreen_Generation = YES;
				INFOPLIST_KEY_UISupportedInterfaceOrientations_iPad = "UIInterfaceOrientationPortrait UIInterfaceOrientationPortraitUpsideDown UIInterfaceOrientationLandscapeLeft UIInterfaceOrientationLandscapeRight";
				INFOPLIST_KEY_UISupportedInterfaceOrientations_iPhone = "UIInterfaceOrientationPortrait UIInterfaceOrientationLandscapeLeft UIInterfaceOrientationLandscapeRight";
				LD_RUNPATH_SEARCH_PATHS = (
					"$(inherited)",
					"@executable_path/Frameworks",
				);
				MARKETING_VERSION = 1.0;
				PRODUCT_BUNDLE_IDENTIFIER = "com.orangepotato.Orange-Health";
				PRODUCT_NAME = "$(TARGET_NAME)";
				SWIFT_EMIT_LOC_STRINGS = YES;
				SWIFT_VERSION = 5.0;
				TARGETED_DEVICE_FAMILY = "1,2";
			};
			name = Release;
		};
		75A5FFF42B77CAC5000C413D /* Debug */ = {
			isa = XCBuildConfiguration;
			buildSettings = {
				ALWAYS_EMBED_SWIFT_STANDARD_LIBRARIES = YES;
				BUNDLE_LOADER = "$(TEST_HOST)";
				CODE_SIGN_STYLE = Automatic;
				CURRENT_PROJECT_VERSION = 1;
				GENERATE_INFOPLIST_FILE = YES;
				IPHONEOS_DEPLOYMENT_TARGET = 17.2;
				MARKETING_VERSION = 1.0;
				PRODUCT_BUNDLE_IDENTIFIER = "com.orangepotato.Orange-HealthTests";
				PRODUCT_NAME = "$(TARGET_NAME)";
				SWIFT_EMIT_LOC_STRINGS = NO;
				SWIFT_VERSION = 5.0;
				TARGETED_DEVICE_FAMILY = "1,2";
				TEST_HOST = "$(BUILT_PRODUCTS_DIR)/Orange Health.app/$(BUNDLE_EXECUTABLE_FOLDER_PATH)/Orange Health";
			};
			name = Debug;
		};
		75A5FFF52B77CAC5000C413D /* Release */ = {
			isa = XCBuildConfiguration;
			buildSettings = {
				ALWAYS_EMBED_SWIFT_STANDARD_LIBRARIES = YES;
				BUNDLE_LOADER = "$(TEST_HOST)";
				CODE_SIGN_STYLE = Automatic;
				CURRENT_PROJECT_VERSION = 1;
				GENERATE_INFOPLIST_FILE = YES;
				IPHONEOS_DEPLOYMENT_TARGET = 17.2;
				MARKETING_VERSION = 1.0;
				PRODUCT_BUNDLE_IDENTIFIER = "com.orangepotato.Orange-HealthTests";
				PRODUCT_NAME = "$(TARGET_NAME)";
				SWIFT_EMIT_LOC_STRINGS = NO;
				SWIFT_VERSION = 5.0;
				TARGETED_DEVICE_FAMILY = "1,2";
				TEST_HOST = "$(BUILT_PRODUCTS_DIR)/Orange Health.app/$(BUNDLE_EXECUTABLE_FOLDER_PATH)/Orange Health";
			};
			name = Release;
		};
		75A5FFF72B77CAC5000C413D /* Debug */ = {
			isa = XCBuildConfiguration;
			buildSettings = {
				ALWAYS_EMBED_SWIFT_STANDARD_LIBRARIES = YES;
				CODE_SIGN_STYLE = Automatic;
				CURRENT_PROJECT_VERSION = 1;
				GENERATE_INFOPLIST_FILE = YES;
				MARKETING_VERSION = 1.0;
				PRODUCT_BUNDLE_IDENTIFIER = "com.orangepotato.Orange-HealthUITests";
				PRODUCT_NAME = "$(TARGET_NAME)";
				SWIFT_EMIT_LOC_STRINGS = NO;
				SWIFT_VERSION = 5.0;
				TARGETED_DEVICE_FAMILY = "1,2";
				TEST_TARGET_NAME = "Orange Health";
			};
			name = Debug;
		};
		75A5FFF82B77CAC5000C413D /* Release */ = {
			isa = XCBuildConfiguration;
			buildSettings = {
				ALWAYS_EMBED_SWIFT_STANDARD_LIBRARIES = YES;
				CODE_SIGN_STYLE = Automatic;
				CURRENT_PROJECT_VERSION = 1;
				GENERATE_INFOPLIST_FILE = YES;
				MARKETING_VERSION = 1.0;
				PRODUCT_BUNDLE_IDENTIFIER = "com.orangepotato.Orange-HealthUITests";
				PRODUCT_NAME = "$(TARGET_NAME)";
				SWIFT_EMIT_LOC_STRINGS = NO;
				SWIFT_VERSION = 5.0;
				TARGETED_DEVICE_FAMILY = "1,2";
				TEST_TARGET_NAME = "Orange Health";
			};
			name = Release;
		};
/* End XCBuildConfiguration section */

/* Begin XCConfigurationList section */
		75A5FFC72B77CAC3000C413D /* Build configuration list for PBXProject "Orange Health" */ = {
			isa = XCConfigurationList;
			buildConfigurations = (
				75A5FFEE2B77CAC5000C413D /* Debug */,
				75A5FFEF2B77CAC5000C413D /* Release */,
			);
			defaultConfigurationIsVisible = 0;
			defaultConfigurationName = Release;
		};
		75A5FFF02B77CAC5000C413D /* Build configuration list for PBXNativeTarget "Orange Health" */ = {
			isa = XCConfigurationList;
			buildConfigurations = (
				75A5FFF12B77CAC5000C413D /* Debug */,
				75A5FFF22B77CAC5000C413D /* Release */,
			);
			defaultConfigurationIsVisible = 0;
			defaultConfigurationName = Release;
		};
		75A5FFF32B77CAC5000C413D /* Build configuration list for PBXNativeTarget "Orange HealthTests" */ = {
			isa = XCConfigurationList;
			buildConfigurations = (
				75A5FFF42B77CAC5000C413D /* Debug */,
				75A5FFF52B77CAC5000C413D /* Release */,
			);
			defaultConfigurationIsVisible = 0;
			defaultConfigurationName = Release;
		};
		75A5FFF62B77CAC5000C413D /* Build configuration list for PBXNativeTarget "Orange HealthUITests" */ = {
			isa = XCConfigurationList;
			buildConfigurations = (
				75A5FFF72B77CAC5000C413D /* Debug */,
				75A5FFF82B77CAC5000C413D /* Release */,
			);
			defaultConfigurationIsVisible = 0;
			defaultConfigurationName = Release;
		};
/* End XCConfigurationList section */
	};
	rootObject = 75A5FFC42B77CAC3000C413D /* Project object */;
}
